
Microsoft Visual Studio Solution File, Format Version 12.00
# Visual Studio Version 16
VisualStudioVersion = 16.0.29318.209
MinimumVisualStudioVersion = 10.0.40219.1
Project("{9A19103F-16F7-4668-BE54-9A1E7A4F7556}") = "DataBreakpoints", "src\DataBreakpoints.csproj", "{BFD326F3-EDDB-4B53-95D9-BA63326B1682}"
EndProject
Project("{FAE04EC0-301F-11D3-BF4B-00C04F79EFBC}") = "Tests", "test\Tests.csproj", "{6450623C-24EF-4BAF-9558-6ABBF4516B94}"
EndProject
Global
	GlobalSection(SolutionConfigurationPlatforms) = preSolution
		Debug|Any CPU = Debug|Any CPU
		Release|Any CPU = Release|Any CPU
	EndGlobalSection
	GlobalSection(ProjectConfigurationPlatforms) = postSolution
		{BFD326F3-EDDB-4B53-95D9-BA63326B1682}.Debug|Any CPU.ActiveCfg = Debug|Any CPU
		{BFD326F3-EDDB-4B53-95D9-BA63326B1682}.Debug|Any CPU.Build.0 = Debug|Any CPU
		{BFD326F3-EDDB-4B53-95D9-BA63326B1682}.Release|Any CPU.ActiveCfg = Release|Any CPU
		{BFD326F3-EDDB-4B53-95D9-BA63326B1682}.Release|Any CPU.Build.0 = Release|Any CPU
		{6450623C-24EF-4BAF-9558-6ABBF4516B94}.Debug|Any CPU.ActiveCfg = Debug|Any CPU
		{6450623C-24EF-4BAF-9558-6ABBF4516B94}.Debug|Any CPU.Build.0 = Debug|Any CPU
		{6450623C-24EF-4BAF-9558-6ABBF4516B94}.Release|Any CPU.ActiveCfg = Release|Any CPU
		{6450623C-24EF-4BAF-9558-6ABBF4516B94}.Release|Any CPU.Build.0 = Release|Any CPU
	EndGlobalSection
	GlobalSection(SolutionProperties) = preSolution
		HideSolutionNode = FALSE
	EndGlobalSection
	GlobalSection(ExtensibilityGlobals) = postSolution
		SolutionGuid = {868CCC59-B442-4E5D-A25F-D9092ACFFC7D}
	EndGlobalSection
EndGlobal
